// !$*UTF8*$!
{
	archiveVersion = 1;
	classes = {
	};
	objectVersion = 46;
	objects = {

/* Begin PBXFileReference section */
		E1A154C61D1DB600005F5969 /* stackWithLinkedList.cpp */ = {isa = PBXFileReference; lastKnownFileType = sourcecode.cpp.cpp; path = stackWithLinkedList.cpp; sourceTree = "<group>"; };
		E1A154C71D1DB600005F5969 /* stackWithLinkedList.hpp */ = {isa = PBXFileReference; lastKnownFileType = sourcecode.cpp.h; path = stackWithLinkedList.hpp; sourceTree = "<group>"; };
/* End PBXFileReference section */

/* Begin PBXGroup section */
		E1A154BF1D1DB5BE005F5969 = {
			isa = PBXGroup;
			children = (
				E1A154C61D1DB600005F5969 /* stackWithLinkedList.cpp */,
				E1A154C71D1DB600005F5969 /* stackWithLinkedList.hpp */,
			);
			sourceTree = "<group>";
		};
/* End PBXGroup section */

/* Begin PBXProject section */
		E1A154C01D1DB5BE005F5969 /* Project object */ = {
			isa = PBXProject;
			attributes = {
				LastUpgradeCheck = 0720;
			};
			buildConfigurationList = E1A154C31D1DB5BE005F5969 /* Build configuration list for PBXProject "algorithms" */;
			compatibilityVersion = "Xcode 3.2";
			developmentRegion = English;
			hasScannedForEncodings = 0;
			knownRegions = (
				en,
			);
			mainGroup = E1A154BF1D1DB5BE005F5969;
			projectDirPath = "";
			projectRoot = "";
			targets = (
			);
		};
/* End PBXProject section */

/* Begin XCBuildConfiguration section */
		E1A154C41D1DB5BE005F5969 /* Debug */ = {
			isa = XCBuildConfiguration;
			buildSettings = {
			};
			name = Debug;
		};
		E1A154C51D1DB5BE005F5969 /* Release */ = {
			isa = XCBuildConfiguration;
			buildSettings = {
			};
			name = Release;
		};
/* End XCBuildConfiguration section */

/* Begin XCConfigurationList section */
		E1A154C31D1DB5BE005F5969 /* Build configuration list for PBXProject "algorithms" */ = {
			isa = XCConfigurationList;
			buildConfigurations = (
				E1A154C41D1DB5BE005F5969 /* Debug */,
				E1A154C51D1DB5BE005F5969 /* Release */,
			);
			defaultConfigurationIsVisible = 0;
			defaultConfigurationName = Release;
		};
/* End XCConfigurationList section */
	};
	rootObject = E1A154C01D1DB5BE005F5969 /* Project object */;
}
